{
  "name": "cyber",
  "lockfileVersion": 3,
  "requires": true,
  "packages": {
    "": {
      "workspaces": [
        "./packages/*"
      ]
    },
    "node_modules/cra-template-cyber-app": {
      "resolved": "packages/cra-template-cyber-app",
      "link": true
    },
    "node_modules/cra-template-cyber-mobile-app": {
      "resolved": "packages/cra-template-cyber-mobile-app",
      "link": true
    },
    "node_modules/cyber": {
      "resolved": "packages/cyber",
      "link": true
    },
    "node_modules/typescript": {
      "version": "5.1.3",
      "resolved": "https://registry.npmjs.org/typescript/-/typescript-5.1.3.tgz",
      "integrity": "sha512-XH627E9vkeqhlZFQuL+UsyAXEnibT0kWR2FWONlr4sTjvxyJYnyefgrkyECLzM5NenmKzRAy2rR/OlYLA1HkZw==",
      "dev": true,
      "bin": {
        "tsc": "bin/tsc",
        "tsserver": "bin/tsserver"
      },
      "engines": {
        "node": ">=14.17"
      }
    },
    "packages/cra-template-cyber": {
      "version": "1.0.0",
      "extraneous": true,
      "license": "ISC"
    },
    "packages/cra-template-cyber-app": {
      "version": "1.0.0",
      "license": "ISC"
    },
    "packages/cra-template-cyber-mobile-app": {
      "version": "1.0.0",
      "license": "ISC"
    },
    "packages/cyber": {
      "version": "1.0.0",
      "license": "ISC",
      "devDependencies": {
        "typescript": "^5.0.4"
      }
    }
  }
}
